lockfileVersion: 5.4

importers:

  .:
    specifiers:
      type-fest: ^2.13.0
      typescript: ^4.5.4
    devDependencies:
      type-fest: 2.13.0
      typescript: 4.7.3

  packages/gl-playable:
    specifiers: {}

packages:

  /type-fest/2.13.0:
    resolution: {integrity: sha512-lPfAm42MxE4/456+QyIaaVBAwgpJb6xZ8PRu09utnhPdWwcyj9vgy6Sq0Z5yNbJ21EdxB5dRU/Qg8bsyAMtlcw==}
    engines: {node: '>=12.20'}
    dev: true

  /typescript/4.7.3:
    resolution: {integrity: sha512-WOkT3XYvrpXx4vMMqlD+8R8R37fZkjyLGlxavMc4iB8lrl8L0DeTcHbYgw/v0N/z9wAFsgBhcsF0ruoySS22mA==}
    engines: {node: '>=4.2.0'}
    hasBin: true
    dev: true
